
Microsoft Visual Studio Solution File, Format Version 12.00
# Visual Studio 15
VisualStudioVersion = 15.0.27703.2018
MinimumVisualStudioVersion = 10.0.40219.1
Project("{FAE04EC0-301F-11D3-BF4B-00C04F79EFBC}") = "DesktopClock", "DesktopClock\DesktopClock.csproj", "{74BEFB48-B67B-4118-BD71-02E795A4ECEB}"
EndProject
Global
	GlobalSection(SolutionConfigurationPlatforms) = preSolution
		Debug|Any CPU = Debug|Any CPU
		Release|Any CPU = Release|Any CPU
	EndGlobalSection
	GlobalSection(ProjectConfigurationPlatforms) = postSolution
		{74BEFB48-B67B-4118-BD71-02E795A4ECEB}.Debug|Any CPU.ActiveCfg = Debug|Any CPU
		{74BEFB48-B67B-4118-BD71-02E795A4ECEB}.Debug|Any CPU.Build.0 = Debug|Any CPU
		{74BEFB48-B67B-4118-BD71-02E795A4ECEB}.Release|Any CPU.ActiveCfg = Release|Any CPU
		{74BEFB48-B67B-4118-BD71-02E795A4ECEB}.Release|Any CPU.Build.0 = Release|Any CPU
	EndGlobalSection
	GlobalSection(SolutionProperties) = preSolution
		HideSolutionNode = FALSE
	EndGlobalSection
	GlobalSection(ExtensibilityGlobals) = postSolution
		SolutionGuid = {739A9B22-643A-4645-9C69-D328F12EF226}
	EndGlobalSection
EndGlobal
